{
  "name": "server-side-plugin",
  "version": "1.0.0",
  "lockfileVersion": 1,
  "requires": true,
  "dependencies": {
    "firebase": {
      "version": "2.3.1",
      "resolved": "http://registry.npmjs.org/firebase/-/firebase-2.3.1.tgz",
      "integrity": "sha1-1cOyTFD9BofTeOAH421eTjVKyYg=",
      "requires": {
        "faye-websocket": ">=0.6.0"
      },
      "dependencies": {
        "faye-websocket": {
          "version": "0.9.3",
          "resolved": "https://registry.npmjs.org/faye-websocket/-/faye-websocket-0.9.3.tgz",
          "integrity": "sha1-SCpQWw3wrmJrlphm0710DNuWLoM=",
          "requires": {
            "websocket-driver": ">=0.5.1"
          },
          "dependencies": {
            "websocket-driver": {
              "version": "0.5.2",
              "resolved": "https://registry.npmjs.org/websocket-driver/-/websocket-driver-0.5.2.tgz",
              "integrity": "sha1-jHyF2gcTtAYFVrTXHAF3XuEmnrk=",
              "requires": {
                "websocket-extensions": ">=0.1.1"
              },
              "dependencies": {
                "websocket-extensions": {
                  "version": "0.1.1",
                  "resolved": "https://registry.npmjs.org/websocket-extensions/-/websocket-extensions-0.1.1.tgz",
                  "integrity": "sha1-domUmcGEtu91Q3fC27DNbLVdKec="
                }
              }
            }
          }
        }
      }
    },
    "jquery": {
      "version": "3.4.1",
      "resolved": "https://registry.npmjs.org/jquery/-/jquery-3.4.1.tgz",
      "integrity": "sha512-36+AdBzCL+y6qjw5Tx7HgzeGCzC81MDDgaUP8ld2zhx58HdqXGoBd+tHdrBMiyjGQs0Hxs/MLZTu/eHNJJuWPw=="
    },
    "q": {
      "version": "0.9.7",
      "resolved": "https://registry.npmjs.org/q/-/q-0.9.7.tgz",
      "integrity": "sha1-TeLmyzspCIyeTLwDv51C+5bOL3U="
    },
    "requestify": {
      "version": "0.2.5",
      "resolved": "https://registry.npmjs.org/requestify/-/requestify-0.2.5.tgz",
      "integrity": "sha1-gCSfHKff33n6KmBIrqw31D4jyQU=",
      "requires": {
        "jquery": "^3.1.0",
        "q": "^0.9.7",
        "underscore": "^1.8.3"
      }
    },
    "underscore": {
      "version": "1.9.2",
      "resolved": "https://registry.npmjs.org/underscore/-/underscore-1.9.2.tgz",
      "integrity": "sha512-D39qtimx0c1fI3ya1Lnhk3E9nONswSKhnffBI0gME9C99fYOkNi04xs8K6pePLhvl1frbDemkaBQ5ikWllR2HQ=="
    }
  }
}
